
Microsoft Visual Studio Solution File, Format Version 12.00
# Visual Studio Version 17
VisualStudioVersion = 17.8.34322.80
MinimumVisualStudioVersion = 10.0.40219.1
Project("{9A19103F-16F7-4668-BE54-9A1E7A4F7556}") = "Rafidah.MVC", "Rafidah.MVC\Rafidah.MVC.csproj", "{07713FC0-B676-46E0-90E4-B1E2F802C5C7}"
EndProject
Project("{FAE04EC0-301F-11D3-BF4B-00C04F79EFBC}") = "Rafidah.Core", "Rafidah.Core\Rafidah.Core.csproj", "{7F3E660B-0AB2-440B-AB42-E7C46A4F139E}"
EndProject
Project("{FAE04EC0-301F-11D3-BF4B-00C04F79EFBC}") = "Rafidah.DAL", "Rafidah.DAL\Rafidah.DAL.csproj", "{08E76FEE-4B9B-473D-A5B5-27C1319FD4A4}"
EndProject
Project("{FAE04EC0-301F-11D3-BF4B-00C04F79EFBC}") = "Rafidah.Business", "Rafidah.Business\Rafidah.Business.csproj", "{0484330E-BC72-4127-A1B4-1B6EBCF08DB7}"
EndProject
Global
	GlobalSection(SolutionConfigurationPlatforms) = preSolution
		Debug|Any CPU = Debug|Any CPU
		Release|Any CPU = Release|Any CPU
	EndGlobalSection
	GlobalSection(ProjectConfigurationPlatforms) = postSolution
		{07713FC0-B676-46E0-90E4-B1E2F802C5C7}.Debug|Any CPU.ActiveCfg = Debug|Any CPU
		{07713FC0-B676-46E0-90E4-B1E2F802C5C7}.Debug|Any CPU.Build.0 = Debug|Any CPU
		{07713FC0-B676-46E0-90E4-B1E2F802C5C7}.Release|Any CPU.ActiveCfg = Release|Any CPU
		{07713FC0-B676-46E0-90E4-B1E2F802C5C7}.Release|Any CPU.Build.0 = Release|Any CPU
		{7F3E660B-0AB2-440B-AB42-E7C46A4F139E}.Debug|Any CPU.ActiveCfg = Debug|Any CPU
		{7F3E660B-0AB2-440B-AB42-E7C46A4F139E}.Debug|Any CPU.Build.0 = Debug|Any CPU
		{7F3E660B-0AB2-440B-AB42-E7C46A4F139E}.Release|Any CPU.ActiveCfg = Release|Any CPU
		{7F3E660B-0AB2-440B-AB42-E7C46A4F139E}.Release|Any CPU.Build.0 = Release|Any CPU
		{08E76FEE-4B9B-473D-A5B5-27C1319FD4A4}.Debug|Any CPU.ActiveCfg = Debug|Any CPU
		{08E76FEE-4B9B-473D-A5B5-27C1319FD4A4}.Debug|Any CPU.Build.0 = Debug|Any CPU
		{08E76FEE-4B9B-473D-A5B5-27C1319FD4A4}.Release|Any CPU.ActiveCfg = Release|Any CPU
		{08E76FEE-4B9B-473D-A5B5-27C1319FD4A4}.Release|Any CPU.Build.0 = Release|Any CPU
		{0484330E-BC72-4127-A1B4-1B6EBCF08DB7}.Debug|Any CPU.ActiveCfg = Debug|Any CPU
		{0484330E-BC72-4127-A1B4-1B6EBCF08DB7}.Debug|Any CPU.Build.0 = Debug|Any CPU
		{0484330E-BC72-4127-A1B4-1B6EBCF08DB7}.Release|Any CPU.ActiveCfg = Release|Any CPU
		{0484330E-BC72-4127-A1B4-1B6EBCF08DB7}.Release|Any CPU.Build.0 = Release|Any CPU
	EndGlobalSection
	GlobalSection(SolutionProperties) = preSolution
		HideSolutionNode = FALSE
	EndGlobalSection
	GlobalSection(ExtensibilityGlobals) = postSolution
		SolutionGuid = {7B1D2839-D64F-4DC4-B099-A22D0CAEE1A4}
	EndGlobalSection
EndGlobal
